
Microsoft Visual Studio Solution File, Format Version 12.00
# Visual Studio 15
VisualStudioVersion = 15.0.28307.572
MinimumVisualStudioVersion = 10.0.40219.1
Project("{FAE04EC0-301F-11D3-BF4B-00C04F79EFBC}") = "DotNetNuke.MSBuild.Tasks", "DotNetNuke.MSBuild.Tasks.csproj", "{D9E0719E-A293-491A-B686-11D18E37097D}"
EndProject
Global
	GlobalSection(SolutionConfigurationPlatforms) = preSolution
		Debug|Any CPU = Debug|Any CPU
		Release|Any CPU = Release|Any CPU
	EndGlobalSection
	GlobalSection(ProjectConfigurationPlatforms) = postSolution
		{D9E0719E-A293-491A-B686-11D18E37097D}.Debug|Any CPU.ActiveCfg = Debug|Any CPU
		{D9E0719E-A293-491A-B686-11D18E37097D}.Debug|Any CPU.Build.0 = Debug|Any CPU
		{D9E0719E-A293-491A-B686-11D18E37097D}.Release|Any CPU.ActiveCfg = Release|Any CPU
		{D9E0719E-A293-491A-B686-11D18E37097D}.Release|Any CPU.Build.0 = Release|Any CPU
	EndGlobalSection
	GlobalSection(SolutionProperties) = preSolution
		HideSolutionNode = FALSE
	EndGlobalSection
	GlobalSection(ExtensibilityGlobals) = postSolution
		SolutionGuid = {0B35EC1C-5323-47A5-80F0-1084B67C9F28}
	EndGlobalSection
	GlobalSection(TestCaseManagementSettings) = postSolution
		CategoryFile = DotNetNuke.MSBuild.Tasks2.vsmdi
	EndGlobalSection
EndGlobal
